
Microsoft Visual Studio Solution File, Format Version 12.00
# Visual Studio 15
VisualStudioVersion = 15.0.26124.0
MinimumVisualStudioVersion = 15.0.26124.0
Project("{2150E333-8FDC-42A3-9474-1A3956D46DE8}") = "src", "src", "{538B3EF5-D28B-438F-8671-4DF737494EEE}"
EndProject
Project("{2150E333-8FDC-42A3-9474-1A3956D46DE8}") = "backend", "backend", "{307D6376-9469-4A55-91FA-2979CA19ED82}"
EndProject
Project("{FAE04EC0-301F-11D3-BF4B-00C04F79EFBC}") = "MyApi", "src\backend\MyApi\MyApi.csproj", "{D7E82045-E919-4CD0-9A4B-ECC11BE154AD}"
EndProject
Global
	GlobalSection(SolutionConfigurationPlatforms) = preSolution
		Debug|Any CPU = Debug|Any CPU
		Debug|x64 = Debug|x64
		Debug|x86 = Debug|x86
		Release|Any CPU = Release|Any CPU
		Release|x64 = Release|x64
		Release|x86 = Release|x86
	EndGlobalSection
	GlobalSection(SolutionProperties) = preSolution
		HideSolutionNode = FALSE
	EndGlobalSection
	GlobalSection(ProjectConfigurationPlatforms) = postSolution
		{D7E82045-E919-4CD0-9A4B-ECC11BE154AD}.Debug|Any CPU.ActiveCfg = Debug|Any CPU
		{D7E82045-E919-4CD0-9A4B-ECC11BE154AD}.Debug|Any CPU.Build.0 = Debug|Any CPU
		{D7E82045-E919-4CD0-9A4B-ECC11BE154AD}.Debug|x64.ActiveCfg = Debug|Any CPU
		{D7E82045-E919-4CD0-9A4B-ECC11BE154AD}.Debug|x64.Build.0 = Debug|Any CPU
		{D7E82045-E919-4CD0-9A4B-ECC11BE154AD}.Debug|x86.ActiveCfg = Debug|Any CPU
		{D7E82045-E919-4CD0-9A4B-ECC11BE154AD}.Debug|x86.Build.0 = Debug|Any CPU
		{D7E82045-E919-4CD0-9A4B-ECC11BE154AD}.Release|Any CPU.ActiveCfg = Release|Any CPU
		{D7E82045-E919-4CD0-9A4B-ECC11BE154AD}.Release|Any CPU.Build.0 = Release|Any CPU
		{D7E82045-E919-4CD0-9A4B-ECC11BE154AD}.Release|x64.ActiveCfg = Release|Any CPU
		{D7E82045-E919-4CD0-9A4B-ECC11BE154AD}.Release|x64.Build.0 = Release|Any CPU
		{D7E82045-E919-4CD0-9A4B-ECC11BE154AD}.Release|x86.ActiveCfg = Release|Any CPU
		{D7E82045-E919-4CD0-9A4B-ECC11BE154AD}.Release|x86.Build.0 = Release|Any CPU
	EndGlobalSection
	GlobalSection(NestedProjects) = preSolution
		{307D6376-9469-4A55-91FA-2979CA19ED82} = {538B3EF5-D28B-438F-8671-4DF737494EEE}
		{D7E82045-E919-4CD0-9A4B-ECC11BE154AD} = {307D6376-9469-4A55-91FA-2979CA19ED82}
	EndGlobalSection
EndGlobal
